
Microsoft Visual Studio Solution File, Format Version 12.00
# Visual Studio Version 16
VisualStudioVersion = 16.0.28315.86
MinimumVisualStudioVersion = 10.0.40219.1
Project("{9A19103F-16F7-4668-BE54-9A1E7A4F7556}") = "DotNetCore.Console_", "DotNetCore.Console\DotNetCore.Console_.csproj", "{9986EE7C-B5FC-4C12-B402-F419C0F63974}"
EndProject
Project("{9A19103F-16F7-4668-BE54-9A1E7A4F7556}") = "RedistInsertTest", "RedistInsertTest\RedistInsertTest.csproj", "{4F92DB21-A69D-4F02-B0EF-41A24CFCC5B5}"
EndProject
Project("{9A19103F-16F7-4668-BE54-9A1E7A4F7556}") = "TestConcurrency", "TestConcurrency\TestConcurrency.csproj", "{7B8D22AD-42B4-4C35-89CC-687D82676782}"
EndProject
Project("{9A19103F-16F7-4668-BE54-9A1E7A4F7556}") = "Hangfire.Demo", "Hangfire.Demo\Hangfire.Demo.csproj", "{63D608F4-BF3A-473B-B57D-CCF5479E3D6B}"
EndProject
Project("{9A19103F-16F7-4668-BE54-9A1E7A4F7556}") = "AspNetCoreMvc.Samples", "AspNetCoreMvc.Samples\AspNetCoreMvc.Samples.csproj", "{D36495BA-7754-4260-AEF9-E400AE6517FC}"
EndProject
Project("{9A19103F-16F7-4668-BE54-9A1E7A4F7556}") = "AspNetCoreWebApi.Samples", "AspNetCoreWebApi.Samples\AspNetCoreWebApi.Samples.csproj", "{0808A33A-4B8B-4BD8-8160-0CB36768D004}"
EndProject
Project("{9A19103F-16F7-4668-BE54-9A1E7A4F7556}") = "AspNetCoreRazorPage.Samples", "AspNetCoreRazorPage.Samples\AspNetCoreRazorPage.Samples.csproj", "{9FEB6314-FB31-4C86-9220-B9B122F295CF}"
EndProject
Project("{FAE04EC0-301F-11D3-BF4B-00C04F79EFBC}") = "AspNetCoreSimple.Samples", "AspNetCoreSimple.Samples\AspNetCoreSimple.Samples.csproj", "{9F42F61D-2DF5-4332-88C6-8A3E085463E4}"
EndProject
Global
	GlobalSection(SolutionConfigurationPlatforms) = preSolution
		Debug|Any CPU = Debug|Any CPU
		Release|Any CPU = Release|Any CPU
	EndGlobalSection
	GlobalSection(ProjectConfigurationPlatforms) = postSolution
		{9986EE7C-B5FC-4C12-B402-F419C0F63974}.Debug|Any CPU.ActiveCfg = Debug|Any CPU
		{9986EE7C-B5FC-4C12-B402-F419C0F63974}.Debug|Any CPU.Build.0 = Debug|Any CPU
		{9986EE7C-B5FC-4C12-B402-F419C0F63974}.Release|Any CPU.ActiveCfg = Release|Any CPU
		{9986EE7C-B5FC-4C12-B402-F419C0F63974}.Release|Any CPU.Build.0 = Release|Any CPU
		{4F92DB21-A69D-4F02-B0EF-41A24CFCC5B5}.Debug|Any CPU.ActiveCfg = Debug|Any CPU
		{4F92DB21-A69D-4F02-B0EF-41A24CFCC5B5}.Debug|Any CPU.Build.0 = Debug|Any CPU
		{4F92DB21-A69D-4F02-B0EF-41A24CFCC5B5}.Release|Any CPU.ActiveCfg = Release|Any CPU
		{4F92DB21-A69D-4F02-B0EF-41A24CFCC5B5}.Release|Any CPU.Build.0 = Release|Any CPU
		{7B8D22AD-42B4-4C35-89CC-687D82676782}.Debug|Any CPU.ActiveCfg = Debug|Any CPU
		{7B8D22AD-42B4-4C35-89CC-687D82676782}.Debug|Any CPU.Build.0 = Debug|Any CPU
		{7B8D22AD-42B4-4C35-89CC-687D82676782}.Release|Any CPU.ActiveCfg = Release|Any CPU
		{7B8D22AD-42B4-4C35-89CC-687D82676782}.Release|Any CPU.Build.0 = Release|Any CPU
		{63D608F4-BF3A-473B-B57D-CCF5479E3D6B}.Debug|Any CPU.ActiveCfg = Debug|Any CPU
		{63D608F4-BF3A-473B-B57D-CCF5479E3D6B}.Debug|Any CPU.Build.0 = Debug|Any CPU
		{63D608F4-BF3A-473B-B57D-CCF5479E3D6B}.Release|Any CPU.ActiveCfg = Release|Any CPU
		{63D608F4-BF3A-473B-B57D-CCF5479E3D6B}.Release|Any CPU.Build.0 = Release|Any CPU
		{D36495BA-7754-4260-AEF9-E400AE6517FC}.Debug|Any CPU.ActiveCfg = Debug|Any CPU
		{D36495BA-7754-4260-AEF9-E400AE6517FC}.Debug|Any CPU.Build.0 = Debug|Any CPU
		{D36495BA-7754-4260-AEF9-E400AE6517FC}.Release|Any CPU.ActiveCfg = Release|Any CPU
		{D36495BA-7754-4260-AEF9-E400AE6517FC}.Release|Any CPU.Build.0 = Release|Any CPU
		{0808A33A-4B8B-4BD8-8160-0CB36768D004}.Debug|Any CPU.ActiveCfg = Debug|Any CPU
		{0808A33A-4B8B-4BD8-8160-0CB36768D004}.Debug|Any CPU.Build.0 = Debug|Any CPU
		{0808A33A-4B8B-4BD8-8160-0CB36768D004}.Release|Any CPU.ActiveCfg = Release|Any CPU
		{0808A33A-4B8B-4BD8-8160-0CB36768D004}.Release|Any CPU.Build.0 = Release|Any CPU
		{9FEB6314-FB31-4C86-9220-B9B122F295CF}.Debug|Any CPU.ActiveCfg = Debug|Any CPU
		{9FEB6314-FB31-4C86-9220-B9B122F295CF}.Debug|Any CPU.Build.0 = Debug|Any CPU
		{9FEB6314-FB31-4C86-9220-B9B122F295CF}.Release|Any CPU.ActiveCfg = Release|Any CPU
		{9FEB6314-FB31-4C86-9220-B9B122F295CF}.Release|Any CPU.Build.0 = Release|Any CPU
		{9F42F61D-2DF5-4332-88C6-8A3E085463E4}.Debug|Any CPU.ActiveCfg = Debug|Any CPU
		{9F42F61D-2DF5-4332-88C6-8A3E085463E4}.Debug|Any CPU.Build.0 = Debug|Any CPU
		{9F42F61D-2DF5-4332-88C6-8A3E085463E4}.Release|Any CPU.ActiveCfg = Release|Any CPU
		{9F42F61D-2DF5-4332-88C6-8A3E085463E4}.Release|Any CPU.Build.0 = Release|Any CPU
	EndGlobalSection
	GlobalSection(SolutionProperties) = preSolution
		HideSolutionNode = FALSE
	EndGlobalSection
	GlobalSection(ExtensibilityGlobals) = postSolution
		SolutionGuid = {9CDD8308-E2B2-4EAB-ACCB-3D7BB5B4E926}
	EndGlobalSection
EndGlobal
